
Microsoft Visual Studio Solution File, Format Version 12.00
# Visual Studio Version 17
VisualStudioVersion = 17.12.35527.113
MinimumVisualStudioVersion = 10.0.40219.1
Project("{FAE04EC0-301F-11D3-BF4B-00C04F79EFBC}") = "AgroShop.API", "src\AgroShop.API\AgroShop.API.csproj", "{7E8A507E-D31E-42F7-BFF3-C3618DBC9210}"
EndProject
Project("{FAE04EC0-301F-11D3-BF4B-00C04F79EFBC}") = "AgroShop.Core", "src\AgroShop.Core\AgroShop.Core.csproj", "{EF2788F1-F92C-472C-A9AE-3087E25E2048}"
EndProject
Project("{FAE04EC0-301F-11D3-BF4B-00C04F79EFBC}") = "AgroShop.Persistence", "src\AgroShop.Persistence\AgroShop.Persistence.csproj", "{D26D8596-DCC9-4341-9BD4-F16751195C02}"
EndProject
Project("{FAE04EC0-301F-11D3-BF4B-00C04F79EFBC}") = "AgroShop.Application", "src\AgroShop.Application\AgroShop.Application.csproj", "{8FF73E31-348A-47B2-8ED6-5EF6B24832B7}"
EndProject
Project("{FAE04EC0-301F-11D3-BF4B-00C04F79EFBC}") = "AgroShop.Infrastructure", "src\AgroShop.Infrastructure\AgroShop.Infrastructure.csproj", "{13104E1F-FC8C-4684-9B45-53738141A2D2}"
EndProject
Project("{2150E333-8FDC-42A3-9474-1A3956D46DE8}") = "src", "src", "{FA70289A-882C-404E-9CA3-283051418C20}"
EndProject
Project("{2150E333-8FDC-42A3-9474-1A3956D46DE8}") = "Solution Items", "Solution Items", "{6F09ABB9-E941-4749-9289-C87DCAD02B96}"
	ProjectSection(SolutionItems) = preProject
		.dockerignore = .dockerignore
		.env.example = .env.example
		.gitignore = .gitignore
		docker-compose.yml = docker-compose.yml
		Dockerfile = Dockerfile
		README.md = README.md
		.graphifyignore = .graphifyignore
	EndProjectSection
EndProject

Global
	GlobalSection(SolutionConfigurationPlatforms) = preSolution
		Debug|Any CPU = Debug|Any CPU
		Debug|x64 = Debug|x64
		Debug|x86 = Debug|x86
		Release|Any CPU = Release|Any CPU
		Release|x64 = Release|x64
		Release|x86 = Release|x86
	EndGlobalSection
	GlobalSection(ProjectConfigurationPlatforms) = postSolution
		{7E8A507E-D31E-42F7-BFF3-C3618DBC9210}.Debug|Any CPU.ActiveCfg = Debug|Any CPU
		{7E8A507E-D31E-42F7-BFF3-C3618DBC9210}.Debug|Any CPU.Build.0 = Debug|Any CPU
		{7E8A507E-D31E-42F7-BFF3-C3618DBC9210}.Debug|x64.ActiveCfg = Debug|Any CPU
		{7E8A507E-D31E-42F7-BFF3-C3618DBC9210}.Debug|x64.Build.0 = Debug|Any CPU
		{7E8A507E-D31E-42F7-BFF3-C3618DBC9210}.Debug|x86.ActiveCfg = Debug|Any CPU
		{7E8A507E-D31E-42F7-BFF3-C3618DBC9210}.Debug|x86.Build.0 = Debug|Any CPU
		{7E8A507E-D31E-42F7-BFF3-C3618DBC9210}.Release|Any CPU.ActiveCfg = Release|Any CPU
		{7E8A507E-D31E-42F7-BFF3-C3618DBC9210}.Release|Any CPU.Build.0 = Release|Any CPU
		{7E8A507E-D31E-42F7-BFF3-C3618DBC9210}.Release|x64.ActiveCfg = Release|Any CPU
		{7E8A507E-D31E-42F7-BFF3-C3618DBC9210}.Release|x64.Build.0 = Release|Any CPU
		{7E8A507E-D31E-42F7-BFF3-C3618DBC9210}.Release|x86.ActiveCfg = Release|Any CPU
		{7E8A507E-D31E-42F7-BFF3-C3618DBC9210}.Release|x86.Build.0 = Release|Any CPU
		{EF2788F1-F92C-472C-A9AE-3087E25E2048}.Debug|Any CPU.ActiveCfg = Debug|Any CPU
		{EF2788F1-F92C-472C-A9AE-3087E25E2048}.Debug|Any CPU.Build.0 = Debug|Any CPU
		{EF2788F1-F92C-472C-A9AE-3087E25E2048}.Debug|x64.ActiveCfg = Debug|Any CPU
		{EF2788F1-F92C-472C-A9AE-3087E25E2048}.Debug|x64.Build.0 = Debug|Any CPU
		{EF2788F1-F92C-472C-A9AE-3087E25E2048}.Debug|x86.ActiveCfg = Debug|Any CPU
		{EF2788F1-F92C-472C-A9AE-3087E25E2048}.Debug|x86.Build.0 = Debug|Any CPU
		{EF2788F1-F92C-472C-A9AE-3087E25E2048}.Release|Any CPU.ActiveCfg = Release|Any CPU
		{EF2788F1-F92C-472C-A9AE-3087E25E2048}.Release|Any CPU.Build.0 = Release|Any CPU
		{EF2788F1-F92C-472C-A9AE-3087E25E2048}.Release|x64.ActiveCfg = Release|Any CPU
		{EF2788F1-F92C-472C-A9AE-3087E25E2048}.Release|x64.Build.0 = Release|Any CPU
		{EF2788F1-F92C-472C-A9AE-3087E25E2048}.Release|x86.ActiveCfg = Release|Any CPU
		{EF2788F1-F92C-472C-A9AE-3087E25E2048}.Release|x86.Build.0 = Release|Any CPU
		{D26D8596-DCC9-4341-9BD4-F16751195C02}.Debug|Any CPU.ActiveCfg = Debug|Any CPU
		{D26D8596-DCC9-4341-9BD4-F16751195C02}.Debug|Any CPU.Build.0 = Debug|Any CPU
		{D26D8596-DCC9-4341-9BD4-F16751195C02}.Debug|x64.ActiveCfg = Debug|Any CPU
		{D26D8596-DCC9-4341-9BD4-F16751195C02}.Debug|x64.Build.0 = Debug|Any CPU
		{D26D8596-DCC9-4341-9BD4-F16751195C02}.Debug|x86.ActiveCfg = Debug|Any CPU
		{D26D8596-DCC9-4341-9BD4-F16751195C02}.Debug|x86.Build.0 = Debug|Any CPU
		{D26D8596-DCC9-4341-9BD4-F16751195C02}.Release|Any CPU.ActiveCfg = Release|Any CPU
		{D26D8596-DCC9-4341-9BD4-F16751195C02}.Release|Any CPU.Build.0 = Release|Any CPU
		{D26D8596-DCC9-4341-9BD4-F16751195C02}.Release|x64.ActiveCfg = Release|Any CPU
		{D26D8596-DCC9-4341-9BD4-F16751195C02}.Release|x64.Build.0 = Release|Any CPU
		{D26D8596-DCC9-4341-9BD4-F16751195C02}.Release|x86.ActiveCfg = Release|Any CPU
		{D26D8596-DCC9-4341-9BD4-F16751195C02}.Release|x86.Build.0 = Release|Any CPU
		{8FF73E31-348A-47B2-8ED6-5EF6B24832B7}.Debug|Any CPU.ActiveCfg = Debug|Any CPU
		{8FF73E31-348A-47B2-8ED6-5EF6B24832B7}.Debug|Any CPU.Build.0 = Debug|Any CPU
		{8FF73E31-348A-47B2-8ED6-5EF6B24832B7}.Debug|x64.ActiveCfg = Debug|Any CPU
		{8FF73E31-348A-47B2-8ED6-5EF6B24832B7}.Debug|x64.Build.0 = Debug|Any CPU
		{8FF73E31-348A-47B2-8ED6-5EF6B24832B7}.Debug|x86.ActiveCfg = Debug|Any CPU
		{8FF73E31-348A-47B2-8ED6-5EF6B24832B7}.Debug|x86.Build.0 = Debug|Any CPU
		{8FF73E31-348A-47B2-8ED6-5EF6B24832B7}.Release|Any CPU.ActiveCfg = Release|Any CPU
		{8FF73E31-348A-47B2-8ED6-5EF6B24832B7}.Release|Any CPU.Build.0 = Release|Any CPU
		{8FF73E31-348A-47B2-8ED6-5EF6B24832B7}.Release|x64.ActiveCfg = Release|Any CPU
		{8FF73E31-348A-47B2-8ED6-5EF6B24832B7}.Release|x64.Build.0 = Release|Any CPU
		{8FF73E31-348A-47B2-8ED6-5EF6B24832B7}.Release|x86.ActiveCfg = Release|Any CPU
		{8FF73E31-348A-47B2-8ED6-5EF6B24832B7}.Release|x86.Build.0 = Release|Any CPU
		{13104E1F-FC8C-4684-9B45-53738141A2D2}.Debug|Any CPU.ActiveCfg = Debug|Any CPU
		{13104E1F-FC8C-4684-9B45-53738141A2D2}.Debug|Any CPU.Build.0 = Debug|Any CPU
		{13104E1F-FC8C-4684-9B45-53738141A2D2}.Debug|x64.ActiveCfg = Debug|Any CPU
		{13104E1F-FC8C-4684-9B45-53738141A2D2}.Debug|x64.Build.0 = Debug|Any CPU
		{13104E1F-FC8C-4684-9B45-53738141A2D2}.Debug|x86.ActiveCfg = Debug|Any CPU
		{13104E1F-FC8C-4684-9B45-53738141A2D2}.Debug|x86.Build.0 = Debug|Any CPU
		{13104E1F-FC8C-4684-9B45-53738141A2D2}.Release|Any CPU.ActiveCfg = Release|Any CPU
		{13104E1F-FC8C-4684-9B45-53738141A2D2}.Release|Any CPU.Build.0 = Release|Any CPU
		{13104E1F-FC8C-4684-9B45-53738141A2D2}.Release|x64.ActiveCfg = Release|Any CPU
		{13104E1F-FC8C-4684-9B45-53738141A2D2}.Release|x64.Build.0 = Release|Any CPU
		{13104E1F-FC8C-4684-9B45-53738141A2D2}.Release|x86.ActiveCfg = Release|Any CPU
		{13104E1F-FC8C-4684-9B45-53738141A2D2}.Release|x86.Build.0 = Release|Any CPU
	EndGlobalSection
	GlobalSection(SolutionProperties) = preSolution
		HideSolutionNode = FALSE
	EndGlobalSection
	GlobalSection(NestedProjects) = preSolution
		{7E8A507E-D31E-42F7-BFF3-C3618DBC9210} = {FA70289A-882C-404E-9CA3-283051418C20}
		{EF2788F1-F92C-472C-A9AE-3087E25E2048} = {FA70289A-882C-404E-9CA3-283051418C20}
		{D26D8596-DCC9-4341-9BD4-F16751195C02} = {FA70289A-882C-404E-9CA3-283051418C20}
		{8FF73E31-348A-47B2-8ED6-5EF6B24832B7} = {FA70289A-882C-404E-9CA3-283051418C20}
		{13104E1F-FC8C-4684-9B45-53738141A2D2} = {FA70289A-882C-404E-9CA3-283051418C20}
	EndGlobalSection
	GlobalSection(ExtensibilityGlobals) = postSolution
		SolutionGuid = {8B2E2FF1-8640-4E88-A9F4-818B2BF95F20}
	EndGlobalSection
EndGlobal
